
Microsoft Visual Studio Solution File, Format Version 12.00
# Visual Studio Version 17
VisualStudioVersion = 17.5.002.0
MinimumVisualStudioVersion = 10.0.40219.1
Project("{2150E333-8FDC-42A3-9474-1A3956D46DE8}") = "csharp-prep", "csharp-prep", "{23B73101-EE34-46B3-8A68-A30DF3203499}"
EndProject
Project("{9A19103F-16F7-4668-BE54-9A1E7A4F7556}") = "Prep1", "csharp-prep\Prep1\Prep1.csproj", "{FECB31B4-1997-43F1-8033-694D10DE928A}"
EndProject
Project("{9A19103F-16F7-4668-BE54-9A1E7A4F7556}") = "Prep2", "csharp-prep\Prep2\Prep2.csproj", "{9BE68392-44F9-41AB-8D55-5456E67C8235}"
EndProject
Project("{9A19103F-16F7-4668-BE54-9A1E7A4F7556}") = "Prep3", "csharp-prep\Prep3\Prep3.csproj", "{07273F07-FCFD-4D2B-8581-88EF0664894C}"
EndProject
Project("{9A19103F-16F7-4668-BE54-9A1E7A4F7556}") = "Prep4", "csharp-prep\Prep4\Prep4.csproj", "{6E2346AB-6352-4AB6-B1BA-A8358D7477D0}"
EndProject
Project("{9A19103F-16F7-4668-BE54-9A1E7A4F7556}") = "Prep5", "csharp-prep\Prep5\Prep5.csproj", "{0263EDA2-EE07-4784-B4DD-472CD6791DEF}"
EndProject
Project("{2150E333-8FDC-42A3-9474-1A3956D46DE8}") = "final", "final", "{6C29C574-263B-466F-A936-9CDEFB2B6100}"
EndProject
Project("{9A19103F-16F7-4668-BE54-9A1E7A4F7556}") = "FinalProject", "final\FinalProject\FinalProject.csproj", "{F1688295-8BD4-4D41-92A6-712789A2B9BD}"
EndProject
Project("{9A19103F-16F7-4668-BE54-9A1E7A4F7556}") = "Foundation1", "final\Foundation1\Foundation1.csproj", "{3B73AB7F-A030-4244-89EF-89658B5E65E9}"
EndProject
Project("{9A19103F-16F7-4668-BE54-9A1E7A4F7556}") = "Foundation2", "final\Foundation2\Foundation2.csproj", "{F50CF710-CEB8-4567-9B76-B34C97CD502B}"
EndProject
Project("{9A19103F-16F7-4668-BE54-9A1E7A4F7556}") = "Foundation3", "final\Foundation3\Foundation3.csproj", "{95AA69A2-F180-4D58-A528-1823D6DC5F51}"
EndProject
Project("{9A19103F-16F7-4668-BE54-9A1E7A4F7556}") = "Foundation4", "final\Foundation4\Foundation4.csproj", "{F97F6C80-0262-4FA8-9B00-31CCD98B5DC9}"
EndProject
Project("{2150E333-8FDC-42A3-9474-1A3956D46DE8}") = "prepare", "prepare", "{81FAF671-48CB-4A4D-B599-8079161B5626}"
EndProject
Project("{9A19103F-16F7-4668-BE54-9A1E7A4F7556}") = "Learning02", "prepare\Learning02\Learning02.csproj", "{BD49AA48-C588-4412-ABB2-8AD5CCA6B210}"
EndProject
Project("{9A19103F-16F7-4668-BE54-9A1E7A4F7556}") = "Learning03", "prepare\Learning03\Learning03.csproj", "{81D756A2-4594-483F-8240-0D5A22478E4E}"
EndProject
Project("{9A19103F-16F7-4668-BE54-9A1E7A4F7556}") = "Learning04", "prepare\Learning04\Learning04.csproj", "{229DB6C6-271C-4F00-8EBE-4048E14CBCF0}"
EndProject
Project("{9A19103F-16F7-4668-BE54-9A1E7A4F7556}") = "Learning05", "prepare\Learning05\Learning05.csproj", "{C2F2B7DE-ADE0-42EC-BA9F-5F812ED3D547}"
EndProject
Project("{2150E333-8FDC-42A3-9474-1A3956D46DE8}") = "prove", "prove", "{5D0FFE6C-3D56-4FC3-91F5-889FCFBF009D}"
EndProject
Project("{9A19103F-16F7-4668-BE54-9A1E7A4F7556}") = "Develop02", "prove\Develop02\Develop02.csproj", "{2193326D-04F0-4627-AA72-F0DD35E8376C}"
EndProject
Project("{9A19103F-16F7-4668-BE54-9A1E7A4F7556}") = "Develop03", "prove\Develop03\Develop03.csproj", "{D46AC8F8-F36D-4BEE-AD38-2EB40139AFE1}"
EndProject
Project("{9A19103F-16F7-4668-BE54-9A1E7A4F7556}") = "Develop04", "prove\Develop04\Develop04.csproj", "{5D30FDFD-F8D9-4B85-8EC4-E0C744C9369A}"
EndProject
Project("{9A19103F-16F7-4668-BE54-9A1E7A4F7556}") = "Develop05", "prove\Develop05\Develop05.csproj", "{0AC2C37E-69EB-4FCB-85CA-848451199564}"
EndProject
Project("{2150E333-8FDC-42A3-9474-1A3956D46DE8}") = "sandbox", "sandbox", "{01467EED-11C6-4ADB-8725-32C8D350F34C}"
EndProject
Project("{9A19103F-16F7-4668-BE54-9A1E7A4F7556}") = "Sandbox", "sandbox\Sandbox\Sandbox.csproj", "{0149D9DB-1274-44EB-BC36-D08806716432}"
EndProject
Global
	GlobalSection(SolutionConfigurationPlatforms) = preSolution
		Debug|Any CPU = Debug|Any CPU
		Release|Any CPU = Release|Any CPU
	EndGlobalSection
	GlobalSection(ProjectConfigurationPlatforms) = postSolution
		{FECB31B4-1997-43F1-8033-694D10DE928A}.Debug|Any CPU.ActiveCfg = Debug|Any CPU
		{FECB31B4-1997-43F1-8033-694D10DE928A}.Debug|Any CPU.Build.0 = Debug|Any CPU
		{FECB31B4-1997-43F1-8033-694D10DE928A}.Release|Any CPU.ActiveCfg = Release|Any CPU
		{FECB31B4-1997-43F1-8033-694D10DE928A}.Release|Any CPU.Build.0 = Release|Any CPU
		{9BE68392-44F9-41AB-8D55-5456E67C8235}.Debug|Any CPU.ActiveCfg = Debug|Any CPU
		{9BE68392-44F9-41AB-8D55-5456E67C8235}.Debug|Any CPU.Build.0 = Debug|Any CPU
		{9BE68392-44F9-41AB-8D55-5456E67C8235}.Release|Any CPU.ActiveCfg = Release|Any CPU
		{9BE68392-44F9-41AB-8D55-5456E67C8235}.Release|Any CPU.Build.0 = Release|Any CPU
		{07273F07-FCFD-4D2B-8581-88EF0664894C}.Debug|Any CPU.ActiveCfg = Debug|Any CPU
		{07273F07-FCFD-4D2B-8581-88EF0664894C}.Debug|Any CPU.Build.0 = Debug|Any CPU
		{07273F07-FCFD-4D2B-8581-88EF0664894C}.Release|Any CPU.ActiveCfg = Release|Any CPU
		{07273F07-FCFD-4D2B-8581-88EF0664894C}.Release|Any CPU.Build.0 = Release|Any CPU
		{6E2346AB-6352-4AB6-B1BA-A8358D7477D0}.Debug|Any CPU.ActiveCfg = Debug|Any CPU
		{6E2346AB-6352-4AB6-B1BA-A8358D7477D0}.Debug|Any CPU.Build.0 = Debug|Any CPU
		{6E2346AB-6352-4AB6-B1BA-A8358D7477D0}.Release|Any CPU.ActiveCfg = Release|Any CPU
		{6E2346AB-6352-4AB6-B1BA-A8358D7477D0}.Release|Any CPU.Build.0 = Release|Any CPU
		{0263EDA2-EE07-4784-B4DD-472CD6791DEF}.Debug|Any CPU.ActiveCfg = Debug|Any CPU
		{0263EDA2-EE07-4784-B4DD-472CD6791DEF}.Debug|Any CPU.Build.0 = Debug|Any CPU
		{0263EDA2-EE07-4784-B4DD-472CD6791DEF}.Release|Any CPU.ActiveCfg = Release|Any CPU
		{0263EDA2-EE07-4784-B4DD-472CD6791DEF}.Release|Any CPU.Build.0 = Release|Any CPU
		{F1688295-8BD4-4D41-92A6-712789A2B9BD}.Debug|Any CPU.ActiveCfg = Debug|Any CPU
		{F1688295-8BD4-4D41-92A6-712789A2B9BD}.Debug|Any CPU.Build.0 = Debug|Any CPU
		{F1688295-8BD4-4D41-92A6-712789A2B9BD}.Release|Any CPU.ActiveCfg = Release|Any CPU
		{F1688295-8BD4-4D41-92A6-712789A2B9BD}.Release|Any CPU.Build.0 = Release|Any CPU
		{3B73AB7F-A030-4244-89EF-89658B5E65E9}.Debug|Any CPU.ActiveCfg = Debug|Any CPU
		{3B73AB7F-A030-4244-89EF-89658B5E65E9}.Debug|Any CPU.Build.0 = Debug|Any CPU
		{3B73AB7F-A030-4244-89EF-89658B5E65E9}.Release|Any CPU.ActiveCfg = Release|Any CPU
		{3B73AB7F-A030-4244-89EF-89658B5E65E9}.Release|Any CPU.Build.0 = Release|Any CPU
		{F50CF710-CEB8-4567-9B76-B34C97CD502B}.Debug|Any CPU.ActiveCfg = Debug|Any CPU
		{F50CF710-CEB8-4567-9B76-B34C97CD502B}.Debug|Any CPU.Build.0 = Debug|Any CPU
		{F50CF710-CEB8-4567-9B76-B34C97CD502B}.Release|Any CPU.ActiveCfg = Release|Any CPU
		{F50CF710-CEB8-4567-9B76-B34C97CD502B}.Release|Any CPU.Build.0 = Release|Any CPU
		{95AA69A2-F180-4D58-A528-1823D6DC5F51}.Debug|Any CPU.ActiveCfg = Debug|Any CPU
		{95AA69A2-F180-4D58-A528-1823D6DC5F51}.Debug|Any CPU.Build.0 = Debug|Any CPU
		{95AA69A2-F180-4D58-A528-1823D6DC5F51}.Release|Any CPU.ActiveCfg = Release|Any CPU
		{95AA69A2-F180-4D58-A528-1823D6DC5F51}.Release|Any CPU.Build.0 = Release|Any CPU
		{F97F6C80-0262-4FA8-9B00-31CCD98B5DC9}.Debug|Any CPU.ActiveCfg = Debug|Any CPU
		{F97F6C80-0262-4FA8-9B00-31CCD98B5DC9}.Debug|Any CPU.Build.0 = Debug|Any CPU
		{F97F6C80-0262-4FA8-9B00-31CCD98B5DC9}.Release|Any CPU.ActiveCfg = Release|Any CPU
		{F97F6C80-0262-4FA8-9B00-31CCD98B5DC9}.Release|Any CPU.Build.0 = Release|Any CPU
		{BD49AA48-C588-4412-ABB2-8AD5CCA6B210}.Debug|Any CPU.ActiveCfg = Debug|Any CPU
		{BD49AA48-C588-4412-ABB2-8AD5CCA6B210}.Debug|Any CPU.Build.0 = Debug|Any CPU
		{BD49AA48-C588-4412-ABB2-8AD5CCA6B210}.Release|Any CPU.ActiveCfg = Release|Any CPU
		{BD49AA48-C588-4412-ABB2-8AD5CCA6B210}.Release|Any CPU.Build.0 = Release|Any CPU
		{81D756A2-4594-483F-8240-0D5A22478E4E}.Debug|Any CPU.ActiveCfg = Debug|Any CPU
		{81D756A2-4594-483F-8240-0D5A22478E4E}.Debug|Any CPU.Build.0 = Debug|Any CPU
		{81D756A2-4594-483F-8240-0D5A22478E4E}.Release|Any CPU.ActiveCfg = Release|Any CPU
		{81D756A2-4594-483F-8240-0D5A22478E4E}.Release|Any CPU.Build.0 = Release|Any CPU
		{229DB6C6-271C-4F00-8EBE-4048E14CBCF0}.Debug|Any CPU.ActiveCfg = Debug|Any CPU
		{229DB6C6-271C-4F00-8EBE-4048E14CBCF0}.Debug|Any CPU.Build.0 = Debug|Any CPU
		{229DB6C6-271C-4F00-8EBE-4048E14CBCF0}.Release|Any CPU.ActiveCfg = Release|Any CPU
		{229DB6C6-271C-4F00-8EBE-4048E14CBCF0}.Release|Any CPU.Build.0 = Release|Any CPU
		{C2F2B7DE-ADE0-42EC-BA9F-5F812ED3D547}.Debug|Any CPU.ActiveCfg = Debug|Any CPU
		{C2F2B7DE-ADE0-42EC-BA9F-5F812ED3D547}.Debug|Any CPU.Build.0 = Debug|Any CPU
		{C2F2B7DE-ADE0-42EC-BA9F-5F812ED3D547}.Release|Any CPU.ActiveCfg = Release|Any CPU
		{C2F2B7DE-ADE0-42EC-BA9F-5F812ED3D547}.Release|Any CPU.Build.0 = Release|Any CPU
		{2193326D-04F0-4627-AA72-F0DD35E8376C}.Debug|Any CPU.ActiveCfg = Debug|Any CPU
		{2193326D-04F0-4627-AA72-F0DD35E8376C}.Debug|Any CPU.Build.0 = Debug|Any CPU
		{2193326D-04F0-4627-AA72-F0DD35E8376C}.Release|Any CPU.ActiveCfg = Release|Any CPU
		{2193326D-04F0-4627-AA72-F0DD35E8376C}.Release|Any CPU.Build.0 = Release|Any CPU
		{D46AC8F8-F36D-4BEE-AD38-2EB40139AFE1}.Debug|Any CPU.ActiveCfg = Debug|Any CPU
		{D46AC8F8-F36D-4BEE-AD38-2EB40139AFE1}.Debug|Any CPU.Build.0 = Debug|Any CPU
		{D46AC8F8-F36D-4BEE-AD38-2EB40139AFE1}.Release|Any CPU.ActiveCfg = Release|Any CPU
		{D46AC8F8-F36D-4BEE-AD38-2EB40139AFE1}.Release|Any CPU.Build.0 = Release|Any CPU
		{5D30FDFD-F8D9-4B85-8EC4-E0C744C9369A}.Debug|Any CPU.ActiveCfg = Debug|Any CPU
		{5D30FDFD-F8D9-4B85-8EC4-E0C744C9369A}.Debug|Any CPU.Build.0 = Debug|Any CPU
		{5D30FDFD-F8D9-4B85-8EC4-E0C744C9369A}.Release|Any CPU.ActiveCfg = Release|Any CPU
		{5D30FDFD-F8D9-4B85-8EC4-E0C744C9369A}.Release|Any CPU.Build.0 = Release|Any CPU
		{0AC2C37E-69EB-4FCB-85CA-848451199564}.Debug|Any CPU.ActiveCfg = Debug|Any CPU
		{0AC2C37E-69EB-4FCB-85CA-848451199564}.Debug|Any CPU.Build.0 = Debug|Any CPU
		{0AC2C37E-69EB-4FCB-85CA-848451199564}.Release|Any CPU.ActiveCfg = Release|Any CPU
		{0AC2C37E-69EB-4FCB-85CA-848451199564}.Release|Any CPU.Build.0 = Release|Any CPU
		{0149D9DB-1274-44EB-BC36-D08806716432}.Debug|Any CPU.ActiveCfg = Debug|Any CPU
		{0149D9DB-1274-44EB-BC36-D08806716432}.Debug|Any CPU.Build.0 = Debug|Any CPU
		{0149D9DB-1274-44EB-BC36-D08806716432}.Release|Any CPU.ActiveCfg = Release|Any CPU
		{0149D9DB-1274-44EB-BC36-D08806716432}.Release|Any CPU.Build.0 = Release|Any CPU
	EndGlobalSection
	GlobalSection(SolutionProperties) = preSolution
		HideSolutionNode = FALSE
	EndGlobalSection
	GlobalSection(NestedProjects) = preSolution
		{FECB31B4-1997-43F1-8033-694D10DE928A} = {23B73101-EE34-46B3-8A68-A30DF3203499}
		{9BE68392-44F9-41AB-8D55-5456E67C8235} = {23B73101-EE34-46B3-8A68-A30DF3203499}
		{07273F07-FCFD-4D2B-8581-88EF0664894C} = {23B73101-EE34-46B3-8A68-A30DF3203499}
		{6E2346AB-6352-4AB6-B1BA-A8358D7477D0} = {23B73101-EE34-46B3-8A68-A30DF3203499}
		{0263EDA2-EE07-4784-B4DD-472CD6791DEF} = {23B73101-EE34-46B3-8A68-A30DF3203499}
		{F1688295-8BD4-4D41-92A6-712789A2B9BD} = {6C29C574-263B-466F-A936-9CDEFB2B6100}
		{3B73AB7F-A030-4244-89EF-89658B5E65E9} = {6C29C574-263B-466F-A936-9CDEFB2B6100}
		{F50CF710-CEB8-4567-9B76-B34C97CD502B} = {6C29C574-263B-466F-A936-9CDEFB2B6100}
		{95AA69A2-F180-4D58-A528-1823D6DC5F51} = {6C29C574-263B-466F-A936-9CDEFB2B6100}
		{F97F6C80-0262-4FA8-9B00-31CCD98B5DC9} = {6C29C574-263B-466F-A936-9CDEFB2B6100}
		{BD49AA48-C588-4412-ABB2-8AD5CCA6B210} = {81FAF671-48CB-4A4D-B599-8079161B5626}
		{81D756A2-4594-483F-8240-0D5A22478E4E} = {81FAF671-48CB-4A4D-B599-8079161B5626}
		{229DB6C6-271C-4F00-8EBE-4048E14CBCF0} = {81FAF671-48CB-4A4D-B599-8079161B5626}
		{C2F2B7DE-ADE0-42EC-BA9F-5F812ED3D547} = {81FAF671-48CB-4A4D-B599-8079161B5626}
		{2193326D-04F0-4627-AA72-F0DD35E8376C} = {5D0FFE6C-3D56-4FC3-91F5-889FCFBF009D}
		{D46AC8F8-F36D-4BEE-AD38-2EB40139AFE1} = {5D0FFE6C-3D56-4FC3-91F5-889FCFBF009D}
		{5D30FDFD-F8D9-4B85-8EC4-E0C744C9369A} = {5D0FFE6C-3D56-4FC3-91F5-889FCFBF009D}
		{0AC2C37E-69EB-4FCB-85CA-848451199564} = {5D0FFE6C-3D56-4FC3-91F5-889FCFBF009D}
		{0149D9DB-1274-44EB-BC36-D08806716432} = {01467EED-11C6-4ADB-8725-32C8D350F34C}
	EndGlobalSection
	GlobalSection(ExtensibilityGlobals) = postSolution
		SolutionGuid = {E902DF59-A3EF-4A4D-B510-99826553F191}
	EndGlobalSection
EndGlobal
